
Microsoft Visual Studio Solution File, Format Version 12.00
# Visual Studio 15
VisualStudioVersion = 15.0.26124.0
MinimumVisualStudioVersion = 15.0.26124.0
Project("{2150E333-8FDC-42A3-9474-1A3956D46DE8}") = "src", "src", "{76338419-790C-421F-BA39-19A8C9764B6C}"
EndProject
Project("{2150E333-8FDC-42A3-9474-1A3956D46DE8}") = "1. Domain", "1. Domain", "{9474365D-ECB7-4A04-BD48-688ECB8F5834}"
EndProject
Project("{9A19103F-16F7-4668-BE54-9A1E7A4F7556}") = "onion.Core", "src\1. Domain\onion.Core\onion.Core.csproj", "{473A27F4-5497-40BF-B8EB-59DD073E620E}"
EndProject
Project("{2150E333-8FDC-42A3-9474-1A3956D46DE8}") = "2. Services", "2. Services", "{00F7C843-D361-4D20-ADCD-5D039A273200}"
EndProject
Project("{2150E333-8FDC-42A3-9474-1A3956D46DE8}") = "Email", "Email", "{1DC13E7E-9F06-44B9-8117-55D585AA5DCB}"
EndProject
Project("{9A19103F-16F7-4668-BE54-9A1E7A4F7556}") = "onion.Service.Email", "src\2. Services\Email\onion.Service.Email\onion.Service.Email.csproj", "{2762A8E1-092B-4C22-855D-7BB1F59C6A3C}"
EndProject
Project("{9A19103F-16F7-4668-BE54-9A1E7A4F7556}") = "onion.Service.Email.Tests", "src\2. Services\Email\onion.Service.Email.Tests\onion.Service.Email.Tests.csproj", "{3231B779-361A-4F08-8207-FEEA5C4466AC}"
EndProject
Project("{2150E333-8FDC-42A3-9474-1A3956D46DE8}") = "Mocks", "Mocks", "{432D08A1-47AB-4247-BB45-C50F66D48F05}"
EndProject
Project("{9A19103F-16F7-4668-BE54-9A1E7A4F7556}") = "onion.Service.Mocks", "src\2. Services\Mocks\onion.Service.Mocks\onion.Service.Mocks.csproj", "{EA3B42BF-36B7-45FA-93ED-F9FBCEDBA6C0}"
EndProject
Project("{9A19103F-16F7-4668-BE54-9A1E7A4F7556}") = "onion.Service.Mocks.Tests", "src\2. Services\Mocks\onion.Service.Mocks.Tests\onion.Service.Mocks.Tests.csproj", "{A77FBB57-0110-4F93-B536-740D9278298F}"
EndProject
Project("{2150E333-8FDC-42A3-9474-1A3956D46DE8}") = "3. Infrastructure", "3. Infrastructure", "{D34DE405-D4EE-457D-96D4-BEAB4817B3A0}"
EndProject
Project("{9A19103F-16F7-4668-BE54-9A1E7A4F7556}") = "onion.Infrastructure", "src\3. Infrastructure\onion.Infrastructure\onion.Infrastructure.csproj", "{B675C4A0-3F45-4617-81AF-F3EA6D123609}"
EndProject
Project("{9A19103F-16F7-4668-BE54-9A1E7A4F7556}") = "onion.Infrastructure.Tests", "src\3. Infrastructure\onion.Infrastructure.Tests\onion.Infrastructure.Tests.csproj", "{EFC59DFD-D038-4D21-AB27-6FB3CF930359}"
EndProject
Project("{2150E333-8FDC-42A3-9474-1A3956D46DE8}") = "4. Presentation", "4. Presentation", "{BCD1B732-B88D-4813-8820-9622822086CC}"
EndProject
Project("{9A19103F-16F7-4668-BE54-9A1E7A4F7556}") = "onion.Presentation.Api", "src\4. Presentation\onion.Presentation.Api\onion.Presentation.Api.csproj", "{CA8A5C31-23A2-485D-83ED-806FCBE048B2}"
EndProject
Project("{2150E333-8FDC-42A3-9474-1A3956D46DE8}") = "Solution Items", "Solution Items", "{ECAFD6A7-851C-4E11-8149-00770004B42F}"
	ProjectSection(SolutionItems) = preProject
		Build.cmd = Build.cmd
		Package.cmd = Package.cmd
		Readme.md = Readme.md
	EndProjectSection
EndProject
Global
	GlobalSection(SolutionConfigurationPlatforms) = preSolution
		Debug|Any CPU = Debug|Any CPU
		Debug|x64 = Debug|x64
		Debug|x86 = Debug|x86
		Release|Any CPU = Release|Any CPU
		Release|x64 = Release|x64
		Release|x86 = Release|x86
	EndGlobalSection
	GlobalSection(ProjectConfigurationPlatforms) = postSolution
		{473A27F4-5497-40BF-B8EB-59DD073E620E}.Debug|Any CPU.ActiveCfg = Debug|Any CPU
		{473A27F4-5497-40BF-B8EB-59DD073E620E}.Debug|Any CPU.Build.0 = Debug|Any CPU
		{473A27F4-5497-40BF-B8EB-59DD073E620E}.Debug|x64.ActiveCfg = Debug|Any CPU
		{473A27F4-5497-40BF-B8EB-59DD073E620E}.Debug|x64.Build.0 = Debug|Any CPU
		{473A27F4-5497-40BF-B8EB-59DD073E620E}.Debug|x86.ActiveCfg = Debug|Any CPU
		{473A27F4-5497-40BF-B8EB-59DD073E620E}.Debug|x86.Build.0 = Debug|Any CPU
		{473A27F4-5497-40BF-B8EB-59DD073E620E}.Release|Any CPU.ActiveCfg = Release|Any CPU
		{473A27F4-5497-40BF-B8EB-59DD073E620E}.Release|Any CPU.Build.0 = Release|Any CPU
		{473A27F4-5497-40BF-B8EB-59DD073E620E}.Release|x64.ActiveCfg = Release|Any CPU
		{473A27F4-5497-40BF-B8EB-59DD073E620E}.Release|x64.Build.0 = Release|Any CPU
		{473A27F4-5497-40BF-B8EB-59DD073E620E}.Release|x86.ActiveCfg = Release|Any CPU
		{473A27F4-5497-40BF-B8EB-59DD073E620E}.Release|x86.Build.0 = Release|Any CPU
		{2762A8E1-092B-4C22-855D-7BB1F59C6A3C}.Debug|Any CPU.ActiveCfg = Debug|Any CPU
		{2762A8E1-092B-4C22-855D-7BB1F59C6A3C}.Debug|Any CPU.Build.0 = Debug|Any CPU
		{2762A8E1-092B-4C22-855D-7BB1F59C6A3C}.Debug|x64.ActiveCfg = Debug|Any CPU
		{2762A8E1-092B-4C22-855D-7BB1F59C6A3C}.Debug|x64.Build.0 = Debug|Any CPU
		{2762A8E1-092B-4C22-855D-7BB1F59C6A3C}.Debug|x86.ActiveCfg = Debug|Any CPU
		{2762A8E1-092B-4C22-855D-7BB1F59C6A3C}.Debug|x86.Build.0 = Debug|Any CPU
		{2762A8E1-092B-4C22-855D-7BB1F59C6A3C}.Release|Any CPU.ActiveCfg = Release|Any CPU
		{2762A8E1-092B-4C22-855D-7BB1F59C6A3C}.Release|Any CPU.Build.0 = Release|Any CPU
		{2762A8E1-092B-4C22-855D-7BB1F59C6A3C}.Release|x64.ActiveCfg = Release|Any CPU
		{2762A8E1-092B-4C22-855D-7BB1F59C6A3C}.Release|x64.Build.0 = Release|Any CPU
		{2762A8E1-092B-4C22-855D-7BB1F59C6A3C}.Release|x86.ActiveCfg = Release|Any CPU
		{2762A8E1-092B-4C22-855D-7BB1F59C6A3C}.Release|x86.Build.0 = Release|Any CPU
		{3231B779-361A-4F08-8207-FEEA5C4466AC}.Debug|Any CPU.ActiveCfg = Debug|Any CPU
		{3231B779-361A-4F08-8207-FEEA5C4466AC}.Debug|Any CPU.Build.0 = Debug|Any CPU
		{3231B779-361A-4F08-8207-FEEA5C4466AC}.Debug|x64.ActiveCfg = Debug|Any CPU
		{3231B779-361A-4F08-8207-FEEA5C4466AC}.Debug|x64.Build.0 = Debug|Any CPU
		{3231B779-361A-4F08-8207-FEEA5C4466AC}.Debug|x86.ActiveCfg = Debug|Any CPU
		{3231B779-361A-4F08-8207-FEEA5C4466AC}.Debug|x86.Build.0 = Debug|Any CPU
		{3231B779-361A-4F08-8207-FEEA5C4466AC}.Release|Any CPU.ActiveCfg = Release|Any CPU
		{3231B779-361A-4F08-8207-FEEA5C4466AC}.Release|Any CPU.Build.0 = Release|Any CPU
		{3231B779-361A-4F08-8207-FEEA5C4466AC}.Release|x64.ActiveCfg = Release|Any CPU
		{3231B779-361A-4F08-8207-FEEA5C4466AC}.Release|x64.Build.0 = Release|Any CPU
		{3231B779-361A-4F08-8207-FEEA5C4466AC}.Release|x86.ActiveCfg = Release|Any CPU
		{3231B779-361A-4F08-8207-FEEA5C4466AC}.Release|x86.Build.0 = Release|Any CPU
		{EA3B42BF-36B7-45FA-93ED-F9FBCEDBA6C0}.Debug|Any CPU.ActiveCfg = Debug|Any CPU
		{EA3B42BF-36B7-45FA-93ED-F9FBCEDBA6C0}.Debug|Any CPU.Build.0 = Debug|Any CPU
		{EA3B42BF-36B7-45FA-93ED-F9FBCEDBA6C0}.Debug|x64.ActiveCfg = Debug|Any CPU
		{EA3B42BF-36B7-45FA-93ED-F9FBCEDBA6C0}.Debug|x64.Build.0 = Debug|Any CPU
		{EA3B42BF-36B7-45FA-93ED-F9FBCEDBA6C0}.Debug|x86.ActiveCfg = Debug|Any CPU
		{EA3B42BF-36B7-45FA-93ED-F9FBCEDBA6C0}.Debug|x86.Build.0 = Debug|Any CPU
		{EA3B42BF-36B7-45FA-93ED-F9FBCEDBA6C0}.Release|Any CPU.ActiveCfg = Release|Any CPU
		{EA3B42BF-36B7-45FA-93ED-F9FBCEDBA6C0}.Release|Any CPU.Build.0 = Release|Any CPU
		{EA3B42BF-36B7-45FA-93ED-F9FBCEDBA6C0}.Release|x64.ActiveCfg = Release|Any CPU
		{EA3B42BF-36B7-45FA-93ED-F9FBCEDBA6C0}.Release|x64.Build.0 = Release|Any CPU
		{EA3B42BF-36B7-45FA-93ED-F9FBCEDBA6C0}.Release|x86.ActiveCfg = Release|Any CPU
		{EA3B42BF-36B7-45FA-93ED-F9FBCEDBA6C0}.Release|x86.Build.0 = Release|Any CPU
		{A77FBB57-0110-4F93-B536-740D9278298F}.Debug|Any CPU.ActiveCfg = Debug|Any CPU
		{A77FBB57-0110-4F93-B536-740D9278298F}.Debug|Any CPU.Build.0 = Debug|Any CPU
		{A77FBB57-0110-4F93-B536-740D9278298F}.Debug|x64.ActiveCfg = Debug|Any CPU
		{A77FBB57-0110-4F93-B536-740D9278298F}.Debug|x64.Build.0 = Debug|Any CPU
		{A77FBB57-0110-4F93-B536-740D9278298F}.Debug|x86.ActiveCfg = Debug|Any CPU
		{A77FBB57-0110-4F93-B536-740D9278298F}.Debug|x86.Build.0 = Debug|Any CPU
		{A77FBB57-0110-4F93-B536-740D9278298F}.Release|Any CPU.ActiveCfg = Release|Any CPU
		{A77FBB57-0110-4F93-B536-740D9278298F}.Release|Any CPU.Build.0 = Release|Any CPU
		{A77FBB57-0110-4F93-B536-740D9278298F}.Release|x64.ActiveCfg = Release|Any CPU
		{A77FBB57-0110-4F93-B536-740D9278298F}.Release|x64.Build.0 = Release|Any CPU
		{A77FBB57-0110-4F93-B536-740D9278298F}.Release|x86.ActiveCfg = Release|Any CPU
		{A77FBB57-0110-4F93-B536-740D9278298F}.Release|x86.Build.0 = Release|Any CPU
		{B675C4A0-3F45-4617-81AF-F3EA6D123609}.Debug|Any CPU.ActiveCfg = Debug|Any CPU
		{B675C4A0-3F45-4617-81AF-F3EA6D123609}.Debug|Any CPU.Build.0 = Debug|Any CPU
		{B675C4A0-3F45-4617-81AF-F3EA6D123609}.Debug|x64.ActiveCfg = Debug|Any CPU
		{B675C4A0-3F45-4617-81AF-F3EA6D123609}.Debug|x64.Build.0 = Debug|Any CPU
		{B675C4A0-3F45-4617-81AF-F3EA6D123609}.Debug|x86.ActiveCfg = Debug|Any CPU
		{B675C4A0-3F45-4617-81AF-F3EA6D123609}.Debug|x86.Build.0 = Debug|Any CPU
		{B675C4A0-3F45-4617-81AF-F3EA6D123609}.Release|Any CPU.ActiveCfg = Release|Any CPU
		{B675C4A0-3F45-4617-81AF-F3EA6D123609}.Release|Any CPU.Build.0 = Release|Any CPU
		{B675C4A0-3F45-4617-81AF-F3EA6D123609}.Release|x64.ActiveCfg = Release|Any CPU
		{B675C4A0-3F45-4617-81AF-F3EA6D123609}.Release|x64.Build.0 = Release|Any CPU
		{B675C4A0-3F45-4617-81AF-F3EA6D123609}.Release|x86.ActiveCfg = Release|Any CPU
		{B675C4A0-3F45-4617-81AF-F3EA6D123609}.Release|x86.Build.0 = Release|Any CPU
		{EFC59DFD-D038-4D21-AB27-6FB3CF930359}.Debug|Any CPU.ActiveCfg = Debug|Any CPU
		{EFC59DFD-D038-4D21-AB27-6FB3CF930359}.Debug|Any CPU.Build.0 = Debug|Any CPU
		{EFC59DFD-D038-4D21-AB27-6FB3CF930359}.Debug|x64.ActiveCfg = Debug|Any CPU
		{EFC59DFD-D038-4D21-AB27-6FB3CF930359}.Debug|x64.Build.0 = Debug|Any CPU
		{EFC59DFD-D038-4D21-AB27-6FB3CF930359}.Debug|x86.ActiveCfg = Debug|Any CPU
		{EFC59DFD-D038-4D21-AB27-6FB3CF930359}.Debug|x86.Build.0 = Debug|Any CPU
		{EFC59DFD-D038-4D21-AB27-6FB3CF930359}.Release|Any CPU.ActiveCfg = Release|Any CPU
		{EFC59DFD-D038-4D21-AB27-6FB3CF930359}.Release|Any CPU.Build.0 = Release|Any CPU
		{EFC59DFD-D038-4D21-AB27-6FB3CF930359}.Release|x64.ActiveCfg = Release|Any CPU
		{EFC59DFD-D038-4D21-AB27-6FB3CF930359}.Release|x64.Build.0 = Release|Any CPU
		{EFC59DFD-D038-4D21-AB27-6FB3CF930359}.Release|x86.ActiveCfg = Release|Any CPU
		{EFC59DFD-D038-4D21-AB27-6FB3CF930359}.Release|x86.Build.0 = Release|Any CPU
		{CA8A5C31-23A2-485D-83ED-806FCBE048B2}.Debug|Any CPU.ActiveCfg = Debug|Any CPU
		{CA8A5C31-23A2-485D-83ED-806FCBE048B2}.Debug|Any CPU.Build.0 = Debug|Any CPU
		{CA8A5C31-23A2-485D-83ED-806FCBE048B2}.Debug|x64.ActiveCfg = Debug|Any CPU
		{CA8A5C31-23A2-485D-83ED-806FCBE048B2}.Debug|x64.Build.0 = Debug|Any CPU
		{CA8A5C31-23A2-485D-83ED-806FCBE048B2}.Debug|x86.ActiveCfg = Debug|Any CPU
		{CA8A5C31-23A2-485D-83ED-806FCBE048B2}.Debug|x86.Build.0 = Debug|Any CPU
		{CA8A5C31-23A2-485D-83ED-806FCBE048B2}.Release|Any CPU.ActiveCfg = Release|Any CPU
		{CA8A5C31-23A2-485D-83ED-806FCBE048B2}.Release|Any CPU.Build.0 = Release|Any CPU
		{CA8A5C31-23A2-485D-83ED-806FCBE048B2}.Release|x64.ActiveCfg = Release|Any CPU
		{CA8A5C31-23A2-485D-83ED-806FCBE048B2}.Release|x64.Build.0 = Release|Any CPU
		{CA8A5C31-23A2-485D-83ED-806FCBE048B2}.Release|x86.ActiveCfg = Release|Any CPU
		{CA8A5C31-23A2-485D-83ED-806FCBE048B2}.Release|x86.Build.0 = Release|Any CPU
	EndGlobalSection
	GlobalSection(SolutionProperties) = preSolution
		HideSolutionNode = FALSE
	EndGlobalSection
	GlobalSection(NestedProjects) = preSolution
		{9474365D-ECB7-4A04-BD48-688ECB8F5834} = {76338419-790C-421F-BA39-19A8C9764B6C}
		{473A27F4-5497-40BF-B8EB-59DD073E620E} = {9474365D-ECB7-4A04-BD48-688ECB8F5834}
		{00F7C843-D361-4D20-ADCD-5D039A273200} = {76338419-790C-421F-BA39-19A8C9764B6C}
		{1DC13E7E-9F06-44B9-8117-55D585AA5DCB} = {00F7C843-D361-4D20-ADCD-5D039A273200}
		{2762A8E1-092B-4C22-855D-7BB1F59C6A3C} = {1DC13E7E-9F06-44B9-8117-55D585AA5DCB}
		{3231B779-361A-4F08-8207-FEEA5C4466AC} = {1DC13E7E-9F06-44B9-8117-55D585AA5DCB}
		{432D08A1-47AB-4247-BB45-C50F66D48F05} = {00F7C843-D361-4D20-ADCD-5D039A273200}
		{EA3B42BF-36B7-45FA-93ED-F9FBCEDBA6C0} = {432D08A1-47AB-4247-BB45-C50F66D48F05}
		{A77FBB57-0110-4F93-B536-740D9278298F} = {432D08A1-47AB-4247-BB45-C50F66D48F05}
		{D34DE405-D4EE-457D-96D4-BEAB4817B3A0} = {76338419-790C-421F-BA39-19A8C9764B6C}
		{B675C4A0-3F45-4617-81AF-F3EA6D123609} = {D34DE405-D4EE-457D-96D4-BEAB4817B3A0}
		{EFC59DFD-D038-4D21-AB27-6FB3CF930359} = {D34DE405-D4EE-457D-96D4-BEAB4817B3A0}
		{BCD1B732-B88D-4813-8820-9622822086CC} = {76338419-790C-421F-BA39-19A8C9764B6C}
		{CA8A5C31-23A2-485D-83ED-806FCBE048B2} = {BCD1B732-B88D-4813-8820-9622822086CC}
	EndGlobalSection
	GlobalSection(ExtensibilityGlobals) = postSolution
		SolutionGuid = {BBA2ADE4-B233-4C06-8BA2-FB682A6A4C35}
	EndGlobalSection
EndGlobal
